
Microsoft Visual Studio Solution File, Format Version 12.00
# Visual Studio Version 17
VisualStudioVersion = 17.6.33815.320
MinimumVisualStudioVersion = 10.0.40219.1
Project("{FAE04EC0-301F-11D3-BF4B-00C04F79EFBC}") = "test calc idk", "test calc idk\test calc idk.csproj", "{2FA50193-5AA0-4242-9E3A-7977DF2F2317}"
EndProject
Global
	GlobalSection(SolutionConfigurationPlatforms) = preSolution
		Debug|Any CPU = Debug|Any CPU
		Release|Any CPU = Release|Any CPU
	EndGlobalSection
	GlobalSection(ProjectConfigurationPlatforms) = postSolution
		{2FA50193-5AA0-4242-9E3A-7977DF2F2317}.Debug|Any CPU.ActiveCfg = Debug|Any CPU
		{2FA50193-5AA0-4242-9E3A-7977DF2F2317}.Debug|Any CPU.Build.0 = Debug|Any CPU
		{2FA50193-5AA0-4242-9E3A-7977DF2F2317}.Release|Any CPU.ActiveCfg = Release|Any CPU
		{2FA50193-5AA0-4242-9E3A-7977DF2F2317}.Release|Any CPU.Build.0 = Release|Any CPU
	EndGlobalSection
	GlobalSection(SolutionProperties) = preSolution
		HideSolutionNode = FALSE
	EndGlobalSection
	GlobalSection(ExtensibilityGlobals) = postSolution
		SolutionGuid = {4BC1F9D0-5288-4A43-AC89-4326A95F50A2}
	EndGlobalSection
EndGlobal
